{
  "name": "advent-of-code-2023",
  "lockfileVersion": 3,
  "requires": true,
  "packages": {
    "": {
      "dependencies": {
        "just-memoize": "^2.2.0"
      }
    },
    "node_modules/just-memoize": {
      "version": "2.2.0",
      "resolved": "https://registry.npmjs.org/just-memoize/-/just-memoize-2.2.0.tgz",
      "integrity": "sha512-zriv+MY+61RXT0QsrO1ZJtL5umouqqSWmCGBkp2wJm35kniunBAA4qhUKx8Lvg/QcwrF9xuw9E6PkevKFf4boQ=="
    }
  }
}